
Microsoft Visual Studio Solution File, Format Version 12.00
# Visual Studio Version 16
VisualStudioVersion = 16.0.30907.101
MinimumVisualStudioVersion = 10.0.40219.1
Project("{FAE04EC0-301F-11D3-BF4B-00C04F79EFBC}") = "SuperHeroCreator", "SuperHeroCreator.csproj", "{A8F10752-BB70-47BE-A6E3-0659AFF5EDE0}"
EndProject
Global
	GlobalSection(SolutionConfigurationPlatforms) = preSolution
		Debug|Any CPU = Debug|Any CPU
		Release|Any CPU = Release|Any CPU
	EndGlobalSection
	GlobalSection(ProjectConfigurationPlatforms) = postSolution
		{A8F10752-BB70-47BE-A6E3-0659AFF5EDE0}.Debug|Any CPU.ActiveCfg = Debug|Any CPU
		{A8F10752-BB70-47BE-A6E3-0659AFF5EDE0}.Debug|Any CPU.Build.0 = Debug|Any CPU
		{A8F10752-BB70-47BE-A6E3-0659AFF5EDE0}.Release|Any CPU.ActiveCfg = Release|Any CPU
		{A8F10752-BB70-47BE-A6E3-0659AFF5EDE0}.Release|Any CPU.Build.0 = Release|Any CPU
	EndGlobalSection
	GlobalSection(SolutionProperties) = preSolution
		HideSolutionNode = FALSE
	EndGlobalSection
	GlobalSection(ExtensibilityGlobals) = postSolution
		SolutionGuid = {AB81195C-A158-48D0-883E-6C0F799835DC}
	EndGlobalSection
EndGlobal
